
Microsoft Visual Studio Solution File, Format Version 12.00
# Visual Studio Version 17
VisualStudioVersion = 17.0.32014.148
MinimumVisualStudioVersion = 10.0.40219.1
Project("{9A19103F-16F7-4668-BE54-9A1E7A4F7556}") = "fibonaci series", "fibonaci-series\fibonaci series.csproj", "{C8764B20-4B22-49F3-9529-413A158F70F2}"
EndProject
Project("{9A19103F-16F7-4668-BE54-9A1E7A4F7556}") = "Prime-numbers", "Prime-numbers\Prime-numbers.csproj", "{16CCE47B-430E-4B1D-8CB9-24CB9520A7DE}"
EndProject
Project("{FAE04EC0-301F-11D3-BF4B-00C04F79EFBC}") = "Counting-program", "Counting-program\Counting-program.csproj", "{123B8765-BCA0-4DEA-87BC-117854C428D2}"
EndProject
Project("{FAE04EC0-301F-11D3-BF4B-00C04F79EFBC}") = "Switch-case", "Switch-case\Switch-case.csproj", "{E5954AA3-0B95-4280-9E67-5250B644AC9E}"
EndProject
Project("{FAE04EC0-301F-11D3-BF4B-00C04F79EFBC}") = "Leap-year", "Leap year\Leap-year.csproj", "{49D39B12-C467-47FB-B0B3-47047C0CD0AF}"
EndProject
Project("{FAE04EC0-301F-11D3-BF4B-00C04F79EFBC}") = "For-Loop", "For-Loop\For-Loop.csproj", "{73E5FF6A-98B1-45C8-BCD2-EF0C2CB9C98C}"
EndProject
Global
	GlobalSection(SolutionConfigurationPlatforms) = preSolution
		Debug|Any CPU = Debug|Any CPU
		Release|Any CPU = Release|Any CPU
	EndGlobalSection
	GlobalSection(ProjectConfigurationPlatforms) = postSolution
		{C8764B20-4B22-49F3-9529-413A158F70F2}.Debug|Any CPU.ActiveCfg = Debug|Any CPU
		{C8764B20-4B22-49F3-9529-413A158F70F2}.Debug|Any CPU.Build.0 = Debug|Any CPU
		{C8764B20-4B22-49F3-9529-413A158F70F2}.Release|Any CPU.ActiveCfg = Release|Any CPU
		{C8764B20-4B22-49F3-9529-413A158F70F2}.Release|Any CPU.Build.0 = Release|Any CPU
		{16CCE47B-430E-4B1D-8CB9-24CB9520A7DE}.Debug|Any CPU.ActiveCfg = Debug|Any CPU
		{16CCE47B-430E-4B1D-8CB9-24CB9520A7DE}.Debug|Any CPU.Build.0 = Debug|Any CPU
		{16CCE47B-430E-4B1D-8CB9-24CB9520A7DE}.Release|Any CPU.ActiveCfg = Release|Any CPU
		{16CCE47B-430E-4B1D-8CB9-24CB9520A7DE}.Release|Any CPU.Build.0 = Release|Any CPU
		{123B8765-BCA0-4DEA-87BC-117854C428D2}.Debug|Any CPU.ActiveCfg = Debug|Any CPU
		{123B8765-BCA0-4DEA-87BC-117854C428D2}.Debug|Any CPU.Build.0 = Debug|Any CPU
		{123B8765-BCA0-4DEA-87BC-117854C428D2}.Release|Any CPU.ActiveCfg = Release|Any CPU
		{123B8765-BCA0-4DEA-87BC-117854C428D2}.Release|Any CPU.Build.0 = Release|Any CPU
		{E5954AA3-0B95-4280-9E67-5250B644AC9E}.Debug|Any CPU.ActiveCfg = Debug|Any CPU
		{E5954AA3-0B95-4280-9E67-5250B644AC9E}.Debug|Any CPU.Build.0 = Debug|Any CPU
		{E5954AA3-0B95-4280-9E67-5250B644AC9E}.Release|Any CPU.ActiveCfg = Release|Any CPU
		{E5954AA3-0B95-4280-9E67-5250B644AC9E}.Release|Any CPU.Build.0 = Release|Any CPU
		{49D39B12-C467-47FB-B0B3-47047C0CD0AF}.Debug|Any CPU.ActiveCfg = Debug|Any CPU
		{49D39B12-C467-47FB-B0B3-47047C0CD0AF}.Debug|Any CPU.Build.0 = Debug|Any CPU
		{49D39B12-C467-47FB-B0B3-47047C0CD0AF}.Release|Any CPU.ActiveCfg = Release|Any CPU
		{49D39B12-C467-47FB-B0B3-47047C0CD0AF}.Release|Any CPU.Build.0 = Release|Any CPU
		{73E5FF6A-98B1-45C8-BCD2-EF0C2CB9C98C}.Debug|Any CPU.ActiveCfg = Debug|Any CPU
		{73E5FF6A-98B1-45C8-BCD2-EF0C2CB9C98C}.Debug|Any CPU.Build.0 = Debug|Any CPU
		{73E5FF6A-98B1-45C8-BCD2-EF0C2CB9C98C}.Release|Any CPU.ActiveCfg = Release|Any CPU
		{73E5FF6A-98B1-45C8-BCD2-EF0C2CB9C98C}.Release|Any CPU.Build.0 = Release|Any CPU
	EndGlobalSection
	GlobalSection(SolutionProperties) = preSolution
		HideSolutionNode = FALSE
	EndGlobalSection
	GlobalSection(ExtensibilityGlobals) = postSolution
		SolutionGuid = {3CB8ED39-F592-482C-BB4C-66AB4A1E9603}
	EndGlobalSection
EndGlobal
